
Microsoft Visual Studio Solution File, Format Version 12.00
# Visual Studio 15
VisualStudioVersion = 15.0.27130.2036
MinimumVisualStudioVersion = 10.0.40219.1
Project("{FAE04EC0-301F-11D3-BF4B-00C04F79EFBC}") = "RealNumbers", "src\RealNumbers\RealNumbers.csproj", "{D78B346B-C503-4716-BDB7-8D879DD3315B}"
EndProject
Project("{9A19103F-16F7-4668-BE54-9A1E7A4F7556}") = "RealNumbers.Benchmarks", "src\RealNumbers.Benchmarks\RealNumbers.Benchmarks.csproj", "{34F2412E-33E3-46D4-82B5-C55D160AF639}"
EndProject
Project("{FAE04EC0-301F-11D3-BF4B-00C04F79EFBC}") = "RealNumbers.UnitTests", "src\RealNumbers.UnitTests\RealNumbers.UnitTests.csproj", "{DA975896-3653-44C2-BF9D-28AC88E6CCEE}"
EndProject
Global
	GlobalSection(SolutionConfigurationPlatforms) = preSolution
		Debug|Any CPU = Debug|Any CPU
		Release|Any CPU = Release|Any CPU
	EndGlobalSection
	GlobalSection(ProjectConfigurationPlatforms) = postSolution
		{D78B346B-C503-4716-BDB7-8D879DD3315B}.Debug|Any CPU.ActiveCfg = Debug|Any CPU
		{D78B346B-C503-4716-BDB7-8D879DD3315B}.Debug|Any CPU.Build.0 = Debug|Any CPU
		{D78B346B-C503-4716-BDB7-8D879DD3315B}.Release|Any CPU.ActiveCfg = Release|Any CPU
		{D78B346B-C503-4716-BDB7-8D879DD3315B}.Release|Any CPU.Build.0 = Release|Any CPU
		{34F2412E-33E3-46D4-82B5-C55D160AF639}.Debug|Any CPU.ActiveCfg = Debug|Any CPU
		{34F2412E-33E3-46D4-82B5-C55D160AF639}.Debug|Any CPU.Build.0 = Debug|Any CPU
		{34F2412E-33E3-46D4-82B5-C55D160AF639}.Release|Any CPU.ActiveCfg = Release|Any CPU
		{34F2412E-33E3-46D4-82B5-C55D160AF639}.Release|Any CPU.Build.0 = Release|Any CPU
		{DA975896-3653-44C2-BF9D-28AC88E6CCEE}.Debug|Any CPU.ActiveCfg = Debug|Any CPU
		{DA975896-3653-44C2-BF9D-28AC88E6CCEE}.Debug|Any CPU.Build.0 = Debug|Any CPU
		{DA975896-3653-44C2-BF9D-28AC88E6CCEE}.Release|Any CPU.ActiveCfg = Release|Any CPU
		{DA975896-3653-44C2-BF9D-28AC88E6CCEE}.Release|Any CPU.Build.0 = Release|Any CPU
	EndGlobalSection
	GlobalSection(SolutionProperties) = preSolution
		HideSolutionNode = FALSE
	EndGlobalSection
	GlobalSection(ExtensibilityGlobals) = postSolution
		SolutionGuid = {ACC94B58-240B-4B7E-9554-CB368D1DA14D}
	EndGlobalSection
EndGlobal
